// !$*UTF8*$!
{
	archiveVersion = 1;
	classes = {
	};
	objectVersion = 50;
	objects = {

/* Begin PBXBuildFile section */
		6115DA93295A3735FF470C10 /* Pods_DarkSlack.framework in Frameworks */ = {isa = PBXBuildFile; fileRef = 1577F484DF8817B659416040 /* Pods_DarkSlack.framework */; };
		91EDE1BF2278DB50001E3A63 /* AppDelegate.swift in Sources */ = {isa = PBXBuildFile; fileRef = 91EDE1BE2278DB50001E3A63 /* AppDelegate.swift */; };
		91EDE1C12278DB50001E3A63 /* ViewController.swift in Sources */ = {isa = PBXBuildFile; fileRef = 91EDE1C02278DB50001E3A63 /* ViewController.swift */; };
		91EDE1C32278DB50001E3A63 /* Assets.xcassets in Resources */ = {isa = PBXBuildFile; fileRef = 91EDE1C22278DB50001E3A63 /* Assets.xcassets */; };
		91EDE1C62278DB50001E3A63 /* Main.storyboard in Resources */ = {isa = PBXBuildFile; fileRef = 91EDE1C42278DB50001E3A63 /* Main.storyboard */; };
		91EDE1CF2278DFE9001E3A63 /* DragView.swift in Sources */ = {isa = PBXBuildFile; fileRef = 91EDE1CE2278DFE9001E3A63 /* DragView.swift */; };
/* End PBXBuildFile section */

/* Begin PBXFileReference section */
		1577F484DF8817B659416040 /* Pods_DarkSlack.framework */ = {isa = PBXFileReference; explicitFileType = wrapper.framework; includeInIndex = 0; path = Pods_DarkSlack.framework; sourceTree = BUILT_PRODUCTS_DIR; };
		6E2501BACD6ED9542E9D2B33 /* Pods-DarkSlack.release.xcconfig */ = {isa = PBXFileReference; includeInIndex = 1; lastKnownFileType = text.xcconfig; name = "Pods-DarkSlack.release.xcconfig"; path = "Target Support Files/Pods-DarkSlack/Pods-DarkSlack.release.xcconfig"; sourceTree = "<group>"; };
		91EDE1BB2278DB50001E3A63 /* DarkSlack.app */ = {isa = PBXFileReference; explicitFileType = wrapper.application; includeInIndex = 0; path = DarkSlack.app; sourceTree = BUILT_PRODUCTS_DIR; };
		91EDE1BE2278DB50001E3A63 /* AppDelegate.swift */ = {isa = PBXFileReference; lastKnownFileType = sourcecode.swift; path = AppDelegate.swift; sourceTree = "<group>"; };
		91EDE1C02278DB50001E3A63 /* ViewController.swift */ = {isa = PBXFileReference; lastKnownFileType = sourcecode.swift; path = ViewController.swift; sourceTree = "<group>"; };
		91EDE1C22278DB50001E3A63 /* Assets.xcassets */ = {isa = PBXFileReference; lastKnownFileType = folder.assetcatalog; path = Assets.xcassets; sourceTree = "<group>"; };
		91EDE1C52278DB50001E3A63 /* Base */ = {isa = PBXFileReference; lastKnownFileType = file.storyboard; name = Base; path = Base.lproj/Main.storyboard; sourceTree = "<group>"; };
		91EDE1C72278DB50001E3A63 /* Info.plist */ = {isa = PBXFileReference; lastKnownFileType = text.plist.xml; path = Info.plist; sourceTree = "<group>"; };
		91EDE1C82278DB50001E3A63 /* DarkSlack.entitlements */ = {isa = PBXFileReference; lastKnownFileType = text.plist.entitlements; path = DarkSlack.entitlements; sourceTree = "<group>"; };
		91EDE1CE2278DFE9001E3A63 /* DragView.swift */ = {isa = PBXFileReference; lastKnownFileType = sourcecode.swift; path = DragView.swift; sourceTree = "<group>"; };
		97C83100EB5789E2246D2109 /* Pods-DarkSlack.debug.xcconfig */ = {isa = PBXFileReference; includeInIndex = 1; lastKnownFileType = text.xcconfig; name = "Pods-DarkSlack.debug.xcconfig"; path = "Target Support Files/Pods-DarkSlack/Pods-DarkSlack.debug.xcconfig"; sourceTree = "<group>"; };
/* End PBXFileReference section */

/* Begin PBXFrameworksBuildPhase section */
		91EDE1B82278DB50001E3A63 /* Frameworks */ = {
			isa = PBXFrameworksBuildPhase;
			buildActionMask = 2147483647;
			files = (
				6115DA93295A3735FF470C10 /* Pods_DarkSlack.framework in Frameworks */,
			);
			runOnlyForDeploymentPostprocessing = 0;
		};
/* End PBXFrameworksBuildPhase section */

/* Begin PBXGroup section */
		496BF7A798B55851A5E8A7D4 /* Pods */ = {
			isa = PBXGroup;
			children = (
				97C83100EB5789E2246D2109 /* Pods-DarkSlack.debug.xcconfig */,
				6E2501BACD6ED9542E9D2B33 /* Pods-DarkSlack.release.xcconfig */,
			);
			name = Pods;
			path = Pods;
			sourceTree = "<group>";
		};
		4DFCFC2269C94F23BA8733DE /* Frameworks */ = {
			isa = PBXGroup;
			children = (
				1577F484DF8817B659416040 /* Pods_DarkSlack.framework */,
			);
			name = Frameworks;
			sourceTree = "<group>";
		};
		91EDE1B22278DB50001E3A63 = {
			isa = PBXGroup;
			children = (
				91EDE1BD2278DB50001E3A63 /* DarkSlack */,
				91EDE1BC2278DB50001E3A63 /* Products */,
				496BF7A798B55851A5E8A7D4 /* Pods */,
				4DFCFC2269C94F23BA8733DE /* Frameworks */,
			);
			sourceTree = "<group>";
		};
		91EDE1BC2278DB50001E3A63 /* Products */ = {
			isa = PBXGroup;
			children = (
				91EDE1BB2278DB50001E3A63 /* DarkSlack.app */,
			);
			name = Products;
			sourceTree = "<group>";
		};
		91EDE1BD2278DB50001E3A63 /* DarkSlack */ = {
			isa = PBXGroup;
			children = (
				91EDE1BE2278DB50001E3A63 /* AppDelegate.swift */,
				91EDE1C02278DB50001E3A63 /* ViewController.swift */,
				91EDE1C22278DB50001E3A63 /* Assets.xcassets */,
				91EDE1C42278DB50001E3A63 /* Main.storyboard */,
				91EDE1C72278DB50001E3A63 /* Info.plist */,
				91EDE1C82278DB50001E3A63 /* DarkSlack.entitlements */,
				91EDE1CE2278DFE9001E3A63 /* DragView.swift */,
			);
			path = DarkSlack;
			sourceTree = "<group>";
		};
/* End PBXGroup section */

/* Begin PBXNativeTarget section */
		91EDE1BA2278DB50001E3A63 /* DarkSlack */ = {
			isa = PBXNativeTarget;
			buildConfigurationList = 91EDE1CB2278DB50001E3A63 /* Build configuration list for PBXNativeTarget "DarkSlack" */;
			buildPhases = (
				3426A3233E0A286158705ABF /* [CP] Check Pods Manifest.lock */,
				91EDE1B72278DB50001E3A63 /* Sources */,
				91EDE1B82278DB50001E3A63 /* Frameworks */,
				91EDE1B92278DB50001E3A63 /* Resources */,
				EB574EFF2ADA40392DDEF8DD /* [CP] Embed Pods Frameworks */,
			);
			buildRules = (
			);
			dependencies = (
			);
			name = DarkSlack;
			productName = DarkSlack;
			productReference = 91EDE1BB2278DB50001E3A63 /* DarkSlack.app */;
			productType = "com.apple.product-type.application";
		};
/* End PBXNativeTarget section */

/* Begin PBXProject section */
		91EDE1B32278DB50001E3A63 /* Project object */ = {
			isa = PBXProject;
			attributes = {
				LastSwiftUpdateCheck = 1020;
				LastUpgradeCheck = 1020;
				ORGANIZATIONNAME = "Giulio Rossi";
				TargetAttributes = {
					91EDE1BA2278DB50001E3A63 = {
						CreatedOnToolsVersion = 10.2.1;
					};
				};
			};
			buildConfigurationList = 91EDE1B62278DB50001E3A63 /* Build configuration list for PBXProject "DarkSlack" */;
			compatibilityVersion = "Xcode 9.3";
			developmentRegion = en;
			hasScannedForEncodings = 0;
			knownRegions = (
				en,
				Base,
			);
			mainGroup = 91EDE1B22278DB50001E3A63;
			productRefGroup = 91EDE1BC2278DB50001E3A63 /* Products */;
			projectDirPath = "";
			projectRoot = "";
			targets = (
				91EDE1BA2278DB50001E3A63 /* DarkSlack */,
			);
		};
/* End PBXProject section */

/* Begin PBXResourcesBuildPhase section */
		91EDE1B92278DB50001E3A63 /* Resources */ = {
			isa = PBXResourcesBuildPhase;
			buildActionMask = 2147483647;
			files = (
				91EDE1C32278DB50001E3A63 /* Assets.xcassets in Resources */,
				91EDE1C62278DB50001E3A63 /* Main.storyboard in Resources */,
			);
			runOnlyForDeploymentPostprocessing = 0;
		};
/* End PBXResourcesBuildPhase section */

/* Begin PBXShellScriptBuildPhase section */
		3426A3233E0A286158705ABF /* [CP] Check Pods Manifest.lock */ = {
			isa = PBXShellScriptBuildPhase;
			buildActionMask = 2147483647;
			files = (
			);
			inputFileListPaths = (
			);
			inputPaths = (
				"${PODS_PODFILE_DIR_PATH}/Podfile.lock",
				"${PODS_ROOT}/Manifest.lock",
			);
			name = "[CP] Check Pods Manifest.lock";
			outputFileListPaths = (
			);
			outputPaths = (
				"$(DERIVED_FILE_DIR)/Pods-DarkSlack-checkManifestLockResult.txt",
			);
			runOnlyForDeploymentPostprocessing = 0;
			shellPath = /bin/sh;
			shellScript = "diff \"${PODS_PODFILE_DIR_PATH}/Podfile.lock\" \"${PODS_ROOT}/Manifest.lock\" > /dev/null\nif [ $? != 0 ] ; then\n    # print error to STDERR\n    echo \"error: The sandbox is not in sync with the Podfile.lock. Run 'pod install' or update your CocoaPods installation.\" >&2\n    exit 1\nfi\n# This output is used by Xcode 'outputs' to avoid re-running this script phase.\necho \"SUCCESS\" > \"${SCRIPT_OUTPUT_FILE_0}\"\n";
			showEnvVarsInLog = 0;
		};
		EB574EFF2ADA40392DDEF8DD /* [CP] Embed Pods Frameworks */ = {
			isa = PBXShellScriptBuildPhase;
			buildActionMask = 2147483647;
			files = (
			);
			inputFileListPaths = (
			);
			inputPaths = (
				"${PODS_ROOT}/Target Support Files/Pods-DarkSlack/Pods-DarkSlack-frameworks.sh",
				"${BUILT_PRODUCTS_DIR}/Alamofire/Alamofire.framework",
			);
			name = "[CP] Embed Pods Frameworks";
			outputFileListPaths = (
			);
			outputPaths = (
				"${TARGET_BUILD_DIR}/${FRAMEWORKS_FOLDER_PATH}/Alamofire.framework",
			);
			runOnlyForDeploymentPostprocessing = 0;
			shellPath = /bin/sh;
			shellScript = "\"${PODS_ROOT}/Target Support Files/Pods-DarkSlack/Pods-DarkSlack-frameworks.sh\"\n";
			showEnvVarsInLog = 0;
		};
/* End PBXShellScriptBuildPhase section */

/* Begin PBXSourcesBuildPhase section */
		91EDE1B72278DB50001E3A63 /* Sources */ = {
			isa = PBXSourcesBuildPhase;
			buildActionMask = 2147483647;
			files = (
				91EDE1C12278DB50001E3A63 /* ViewController.swift in Sources */,
				91EDE1BF2278DB50001E3A63 /* AppDelegate.swift in Sources */,
				91EDE1CF2278DFE9001E3A63 /* DragView.swift in Sources */,
			);
			runOnlyForDeploymentPostprocessing = 0;
		};
/* End PBXSourcesBuildPhase section */

/* Begin PBXVariantGroup section */
		91EDE1C42278DB50001E3A63 /* Main.storyboard */ = {
			isa = PBXVariantGroup;
			children = (
				91EDE1C52278DB50001E3A63 /* Base */,
			);
			name = Main.storyboard;
			sourceTree = "<group>";
		};
/* End PBXVariantGroup section */

/* Begin XCBuildConfiguration section */
		91EDE1C92278DB50001E3A63 /* Debug */ = {
			isa = XCBuildConfiguration;
			buildSettings = {
				ALWAYS_SEARCH_USER_PATHS = NO;
				CLANG_ANALYZER_NONNULL = YES;
				CLANG_ANALYZER_NUMBER_OBJECT_CONVERSION = YES_AGGRESSIVE;
				CLANG_CXX_LANGUAGE_STANDARD = "gnu++14";
				CLANG_CXX_LIBRARY = "libc++";
				CLANG_ENABLE_MODULES = YES;
				CLANG_ENABLE_OBJC_ARC = YES;
				CLANG_ENABLE_OBJC_WEAK = YES;
				CLANG_WARN_BLOCK_CAPTURE_AUTORELEASING = YES;
				CLANG_WARN_BOOL_CONVERSION = YES;
				CLANG_WARN_COMMA = YES;
				CLANG_WARN_CONSTANT_CONVERSION = YES;
				CLANG_WARN_DEPRECATED_OBJC_IMPLEMENTATIONS = YES;
				CLANG_WARN_DIRECT_OBJC_ISA_USAGE = YES_ERROR;
				CLANG_WARN_DOCUMENTATION_COMMENTS = YES;
				CLANG_WARN_EMPTY_BODY = YES;
				CLANG_WARN_ENUM_CONVERSION = YES;
				CLANG_WARN_INFINITE_RECURSION = YES;
				CLANG_WARN_INT_CONVERSION = YES;
				CLANG_WARN_NON_LITERAL_NULL_CONVERSION = YES;
				CLANG_WARN_OBJC_IMPLICIT_RETAIN_SELF = YES;
				CLANG_WARN_OBJC_LITERAL_CONVERSION = YES;
				CLANG_WARN_OBJC_ROOT_CLASS = YES_ERROR;
				CLANG_WARN_RANGE_LOOP_ANALYSIS = YES;
				CLANG_WARN_STRICT_PROTOTYPES = YES;
				CLANG_WARN_SUSPICIOUS_MOVE = YES;
				CLANG_WARN_UNGUARDED_AVAILABILITY = YES_AGGRESSIVE;
				CLANG_WARN_UNREACHABLE_CODE = YES;
				CLANG_WARN__DUPLICATE_METHOD_MATCH = YES;
				CODE_SIGN_IDENTITY = "Mac Developer";
				COPY_PHASE_STRIP = NO;
				DEBUG_INFORMATION_FORMAT = dwarf;
				ENABLE_STRICT_OBJC_MSGSEND = YES;
				ENABLE_TESTABILITY = YES;
				GCC_C_LANGUAGE_STANDARD = gnu11;
				GCC_DYNAMIC_NO_PIC = NO;
				GCC_NO_COMMON_BLOCKS = YES;
				GCC_OPTIMIZATION_LEVEL = 0;
				GCC_PREPROCESSOR_DEFINITIONS = (
					"DEBUG=1",
					"$(inherited)",
				);
				GCC_WARN_64_TO_32_BIT_CONVERSION = YES;
				GCC_WARN_ABOUT_RETURN_TYPE = YES_ERROR;
				GCC_WARN_UNDECLARED_SELECTOR = YES;
				GCC_WARN_UNINITIALIZED_AUTOS = YES_AGGRESSIVE;
				GCC_WARN_UNUSED_FUNCTION = YES;
				GCC_WARN_UNUSED_VARIABLE = YES;
				MACOSX_DEPLOYMENT_TARGET = 10.14;
				MTL_ENABLE_DEBUG_INFO = INCLUDE_SOURCE;
				MTL_FAST_MATH = YES;
				ONLY_ACTIVE_ARCH = YES;
				SDKROOT = macosx;
				SWIFT_ACTIVE_COMPILATION_CONDITIONS = DEBUG;
				SWIFT_OPTIMIZATION_LEVEL = "-Onone";
			};
			name = Debug;
		};
		91EDE1CA2278DB50001E3A63 /* Release */ = {
			isa = XCBuildConfiguration;
			buildSettings = {
				ALWAYS_SEARCH_USER_PATHS = NO;
				CLANG_ANALYZER_NONNULL = YES;
				CLANG_ANALYZER_NUMBER_OBJECT_CONVERSION = YES_AGGRESSIVE;
				CLANG_CXX_LANGUAGE_STANDARD = "gnu++14";
				CLANG_CXX_LIBRARY = "libc++";
				CLANG_ENABLE_MODULES = YES;
				CLANG_ENABLE_OBJC_ARC = YES;
				CLANG_ENABLE_OBJC_WEAK = YES;
				CLANG_WARN_BLOCK_CAPTURE_AUTORELEASING = YES;
				CLANG_WARN_BOOL_CONVERSION = YES;
				CLANG_WARN_COMMA = YES;
				CLANG_WARN_CONSTANT_CONVERSION = YES;
				CLANG_WARN_DEPRECATED_OBJC_IMPLEMENTATIONS = YES;
				CLANG_WARN_DIRECT_OBJC_ISA_USAGE = YES_ERROR;
				CLANG_WARN_DOCUMENTATION_COMMENTS = YES;
				CLANG_WARN_EMPTY_BODY = YES;
				CLANG_WARN_ENUM_CONVERSION = YES;
				CLANG_WARN_INFINITE_RECURSION = YES;
				CLANG_WARN_INT_CONVERSION = YES;
				CLANG_WARN_NON_LITERAL_NULL_CONVERSION = YES;
				CLANG_WARN_OBJC_IMPLICIT_RETAIN_SELF = YES;
				CLANG_WARN_OBJC_LITERAL_CONVERSION = YES;
				CLANG_WARN_OBJC_ROOT_CLASS = YES_ERROR;
				CLANG_WARN_RANGE_LOOP_ANALYSIS = YES;
				CLANG_WARN_STRICT_PROTOTYPES = YES;
				CLANG_WARN_SUSPICIOUS_MOVE = YES;
				CLANG_WARN_UNGUARDED_AVAILABILITY = YES_AGGRESSIVE;
				CLANG_WARN_UNREACHABLE_CODE = YES;
				CLANG_WARN__DUPLICATE_METHOD_MATCH = YES;
				CODE_SIGN_IDENTITY = "Mac Developer";
				COPY_PHASE_STRIP = NO;
				DEBUG_INFORMATION_FORMAT = "dwarf-with-dsym";
				ENABLE_NS_ASSERTIONS = NO;
				ENABLE_STRICT_OBJC_MSGSEND = YES;
				GCC_C_LANGUAGE_STANDARD = gnu11;
				GCC_NO_COMMON_BLOCKS = YES;
				GCC_WARN_64_TO_32_BIT_CONVERSION = YES;
				GCC_WARN_ABOUT_RETURN_TYPE = YES_ERROR;
				GCC_WARN_UNDECLARED_SELECTOR = YES;
				GCC_WARN_UNINITIALIZED_AUTOS = YES_AGGRESSIVE;
				GCC_WARN_UNUSED_FUNCTION = YES;
				GCC_WARN_UNUSED_VARIABLE = YES;
				MACOSX_DEPLOYMENT_TARGET = 10.14;
				MTL_ENABLE_DEBUG_INFO = NO;
				MTL_FAST_MATH = YES;
				SDKROOT = macosx;
				SWIFT_COMPILATION_MODE = wholemodule;
				SWIFT_OPTIMIZATION_LEVEL = "-O";
			};
			name = Release;
		};
		91EDE1CC2278DB50001E3A63 /* Debug */ = {
			isa = XCBuildConfiguration;
			baseConfigurationReference = 97C83100EB5789E2246D2109 /* Pods-DarkSlack.debug.xcconfig */;
			buildSettings = {
				ASSETCATALOG_COMPILER_APPICON_NAME = AppIcon;
				CODE_SIGN_ENTITLEMENTS = DarkSlack/DarkSlack.entitlements;
				CODE_SIGN_STYLE = Automatic;
				COMBINE_HIDPI_IMAGES = YES;
				DEVELOPMENT_TEAM = 977B8KCHTR;
				INFOPLIST_FILE = DarkSlack/Info.plist;
				LD_RUNPATH_SEARCH_PATHS = (
					"$(inherited)",
					"@executable_path/../Frameworks",
				);
				PRODUCT_BUNDLE_IDENTIFIER = com.ciuffi.DarkSlack;
				PRODUCT_NAME = "$(TARGET_NAME)";
				SWIFT_VERSION = 5.0;
			};
			name = Debug;
		};
		91EDE1CD2278DB50001E3A63 /* Release */ = {
			isa = XCBuildConfiguration;
			baseConfigurationReference = 6E2501BACD6ED9542E9D2B33 /* Pods-DarkSlack.release.xcconfig */;
			buildSettings = {
				ASSETCATALOG_COMPILER_APPICON_NAME = AppIcon;
				CODE_SIGN_ENTITLEMENTS = DarkSlack/DarkSlack.entitlements;
				CODE_SIGN_STYLE = Automatic;
				COMBINE_HIDPI_IMAGES = YES;
				DEVELOPMENT_TEAM = 977B8KCHTR;
				INFOPLIST_FILE = DarkSlack/Info.plist;
				LD_RUNPATH_SEARCH_PATHS = (
					"$(inherited)",
					"@executable_path/../Frameworks",
				);
				PRODUCT_BUNDLE_IDENTIFIER = com.ciuffi.DarkSlack;
				PRODUCT_NAME = "$(TARGET_NAME)";
				SWIFT_VERSION = 5.0;
			};
			name = Release;
		};
/* End XCBuildConfiguration section */

/* Begin XCConfigurationList section */
		91EDE1B62278DB50001E3A63 /* Build configuration list for PBXProject "DarkSlack" */ = {
			isa = XCConfigurationList;
			buildConfigurations = (
				91EDE1C92278DB50001E3A63 /* Debug */,
				91EDE1CA2278DB50001E3A63 /* Release */,
			);
			defaultConfigurationIsVisible = 0;
			defaultConfigurationName = Release;
		};
		91EDE1CB2278DB50001E3A63 /* Build configuration list for PBXNativeTarget "DarkSlack" */ = {
			isa = XCConfigurationList;
			buildConfigurations = (
				91EDE1CC2278DB50001E3A63 /* Debug */,
				91EDE1CD2278DB50001E3A63 /* Release */,
			);
			defaultConfigurationIsVisible = 0;
			defaultConfigurationName = Release;
		};
/* End XCConfigurationList section */
	};
	rootObject = 91EDE1B32278DB50001E3A63 /* Project object */;
}
